
Microsoft Visual Studio Solution File, Format Version 12.00
# Visual Studio Version 16
VisualStudioVersion = 16.0.31321.278
MinimumVisualStudioVersion = 10.0.40219.1
Project("{FAE04EC0-301F-11D3-BF4B-00C04F79EFBC}") = "MutexGeneratorOfNumbers", "MutexGeneratorOfNumbers\MutexGeneratorOfNumbers.csproj", "{31F2B259-6781-4BA2-8887-9DE54436A7C3}"
EndProject
Global
	GlobalSection(SolutionConfigurationPlatforms) = preSolution
		Debug|Any CPU = Debug|Any CPU
		Release|Any CPU = Release|Any CPU
	EndGlobalSection
	GlobalSection(ProjectConfigurationPlatforms) = postSolution
		{31F2B259-6781-4BA2-8887-9DE54436A7C3}.Debug|Any CPU.ActiveCfg = Debug|Any CPU
		{31F2B259-6781-4BA2-8887-9DE54436A7C3}.Debug|Any CPU.Build.0 = Debug|Any CPU
		{31F2B259-6781-4BA2-8887-9DE54436A7C3}.Release|Any CPU.ActiveCfg = Release|Any CPU
		{31F2B259-6781-4BA2-8887-9DE54436A7C3}.Release|Any CPU.Build.0 = Release|Any CPU
	EndGlobalSection
	GlobalSection(SolutionProperties) = preSolution
		HideSolutionNode = FALSE
	EndGlobalSection
	GlobalSection(ExtensibilityGlobals) = postSolution
		SolutionGuid = {092460DD-E299-44B8-A024-A90501DFCA15}
	EndGlobalSection
EndGlobal
